
Microsoft Visual Studio Solution File, Format Version 12.00
# Visual Studio 14
VisualStudioVersion = 14.0.25420.1
MinimumVisualStudioVersion = 10.0.40219.1
Project("{FAE04EC0-301F-11D3-BF4B-00C04F79EFBC}") = "RaLibrary", "RaLibrary\RaLibrary.csproj", "{69FDFFD9-9163-400D-BE8A-364808A0C9CE}"
EndProject
Project("{FAE04EC0-301F-11D3-BF4B-00C04F79EFBC}") = "RaLibrary.Tests", "RaLibrary.Tests\RaLibrary.Tests.csproj", "{6256D2E6-8D1C-4444-AB53-01B140046580}"
EndProject
Project("{FAE04EC0-301F-11D3-BF4B-00C04F79EFBC}") = "RaLibrary.Email", "RaLibrary.Email\RaLibrary.Email.csproj", "{4C2ED55B-2C38-4303-8C71-42BA51D06C2D}"
EndProject
Project("{FAE04EC0-301F-11D3-BF4B-00C04F79EFBC}") = "RaLibrary.TaskApp", "RaLibrary.TaskApp\RaLibrary.TaskApp.csproj", "{8477B744-F3F4-4F09-AEFC-33E83FF18247}"
EndProject
Project("{FAE04EC0-301F-11D3-BF4B-00C04F79EFBC}") = "RaLibrary.Utilities", "RaLibrary.Utilities\RaLibrary.Utilities.csproj", "{AB4C5C86-6324-4B3A-893F-B5DBEE480E27}"
EndProject
Project("{FAE04EC0-301F-11D3-BF4B-00C04F79EFBC}") = "RaLibrary.Data", "RaLibrary.Data\RaLibrary.Data.csproj", "{97DA0D4A-BB33-42DF-B20E-2D5379B73D50}"
EndProject
Global
	GlobalSection(SolutionConfigurationPlatforms) = preSolution
		Debug|Any CPU = Debug|Any CPU
		Release|Any CPU = Release|Any CPU
	EndGlobalSection
	GlobalSection(ProjectConfigurationPlatforms) = postSolution
		{69FDFFD9-9163-400D-BE8A-364808A0C9CE}.Debug|Any CPU.ActiveCfg = Debug|Any CPU
		{69FDFFD9-9163-400D-BE8A-364808A0C9CE}.Debug|Any CPU.Build.0 = Debug|Any CPU
		{69FDFFD9-9163-400D-BE8A-364808A0C9CE}.Release|Any CPU.ActiveCfg = Release|Any CPU
		{69FDFFD9-9163-400D-BE8A-364808A0C9CE}.Release|Any CPU.Build.0 = Release|Any CPU
		{6256D2E6-8D1C-4444-AB53-01B140046580}.Debug|Any CPU.ActiveCfg = Debug|Any CPU
		{6256D2E6-8D1C-4444-AB53-01B140046580}.Debug|Any CPU.Build.0 = Debug|Any CPU
		{6256D2E6-8D1C-4444-AB53-01B140046580}.Release|Any CPU.ActiveCfg = Release|Any CPU
		{6256D2E6-8D1C-4444-AB53-01B140046580}.Release|Any CPU.Build.0 = Release|Any CPU
		{4C2ED55B-2C38-4303-8C71-42BA51D06C2D}.Debug|Any CPU.ActiveCfg = Debug|Any CPU
		{4C2ED55B-2C38-4303-8C71-42BA51D06C2D}.Debug|Any CPU.Build.0 = Debug|Any CPU
		{4C2ED55B-2C38-4303-8C71-42BA51D06C2D}.Release|Any CPU.ActiveCfg = Release|Any CPU
		{4C2ED55B-2C38-4303-8C71-42BA51D06C2D}.Release|Any CPU.Build.0 = Release|Any CPU
		{8477B744-F3F4-4F09-AEFC-33E83FF18247}.Debug|Any CPU.ActiveCfg = Debug|Any CPU
		{8477B744-F3F4-4F09-AEFC-33E83FF18247}.Debug|Any CPU.Build.0 = Debug|Any CPU
		{8477B744-F3F4-4F09-AEFC-33E83FF18247}.Release|Any CPU.ActiveCfg = Release|Any CPU
		{8477B744-F3F4-4F09-AEFC-33E83FF18247}.Release|Any CPU.Build.0 = Release|Any CPU
		{AB4C5C86-6324-4B3A-893F-B5DBEE480E27}.Debug|Any CPU.ActiveCfg = Debug|Any CPU
		{AB4C5C86-6324-4B3A-893F-B5DBEE480E27}.Debug|Any CPU.Build.0 = Debug|Any CPU
		{AB4C5C86-6324-4B3A-893F-B5DBEE480E27}.Release|Any CPU.ActiveCfg = Release|Any CPU
		{AB4C5C86-6324-4B3A-893F-B5DBEE480E27}.Release|Any CPU.Build.0 = Release|Any CPU
		{97DA0D4A-BB33-42DF-B20E-2D5379B73D50}.Debug|Any CPU.ActiveCfg = Debug|Any CPU
		{97DA0D4A-BB33-42DF-B20E-2D5379B73D50}.Debug|Any CPU.Build.0 = Debug|Any CPU
		{97DA0D4A-BB33-42DF-B20E-2D5379B73D50}.Release|Any CPU.ActiveCfg = Release|Any CPU
		{97DA0D4A-BB33-42DF-B20E-2D5379B73D50}.Release|Any CPU.Build.0 = Release|Any CPU
	EndGlobalSection
	GlobalSection(SolutionProperties) = preSolution
		HideSolutionNode = FALSE
	EndGlobalSection
EndGlobal
